
Microsoft Visual Studio Solution File, Format Version 12.00
# Visual Studio Version 17
VisualStudioVersion = 17.0.31903.59
MinimumVisualStudioVersion = 10.0.40219.1
Project("{FAE04EC0-301F-11D3-BF4B-00C04F79EFBC}") = "Cervezapp", "Cervezapp\Cervezapp.csproj", "{E5183843-6C48-41D1-8EC5-4A2EC0FA6808}"
EndProject
Global
	GlobalSection(SolutionConfigurationPlatforms) = preSolution
		Debug|Any CPU = Debug|Any CPU
		Release|Any CPU = Release|Any CPU
	EndGlobalSection
	GlobalSection(SolutionProperties) = preSolution
		HideSolutionNode = FALSE
	EndGlobalSection
	GlobalSection(ProjectConfigurationPlatforms) = postSolution
		{E5183843-6C48-41D1-8EC5-4A2EC0FA6808}.Debug|Any CPU.ActiveCfg = Debug|Any CPU
		{E5183843-6C48-41D1-8EC5-4A2EC0FA6808}.Debug|Any CPU.Build.0 = Debug|Any CPU
		{E5183843-6C48-41D1-8EC5-4A2EC0FA6808}.Release|Any CPU.ActiveCfg = Release|Any CPU
		{E5183843-6C48-41D1-8EC5-4A2EC0FA6808}.Release|Any CPU.Build.0 = Release|Any CPU
	EndGlobalSection
EndGlobal
